
Microsoft Visual Studio Solution File, Format Version 12.00
# Visual Studio 15
VisualStudioVersion = 15.0.28307.489
MinimumVisualStudioVersion = 10.0.40219.1
Project("{8BC9CEB8-8B4A-11D0-8D11-00A0C91BC942}") = "_3_24_1", "_3_24_1\_3_24_1.vcxproj", "{64A72963-53B5-48D5-A315-79858155EEC3}"
EndProject
Global
	GlobalSection(SolutionConfigurationPlatforms) = preSolution
		Debug|x64 = Debug|x64
		Debug|x86 = Debug|x86
		Release|x64 = Release|x64
		Release|x86 = Release|x86
	EndGlobalSection
	GlobalSection(ProjectConfigurationPlatforms) = postSolution
		{64A72963-53B5-48D5-A315-79858155EEC3}.Debug|x64.ActiveCfg = Debug|x64
		{64A72963-53B5-48D5-A315-79858155EEC3}.Debug|x64.Build.0 = Debug|x64
		{64A72963-53B5-48D5-A315-79858155EEC3}.Debug|x86.ActiveCfg = Debug|Win32
		{64A72963-53B5-48D5-A315-79858155EEC3}.Debug|x86.Build.0 = Debug|Win32
		{64A72963-53B5-48D5-A315-79858155EEC3}.Release|x64.ActiveCfg = Release|x64
		{64A72963-53B5-48D5-A315-79858155EEC3}.Release|x64.Build.0 = Release|x64
		{64A72963-53B5-48D5-A315-79858155EEC3}.Release|x86.ActiveCfg = Release|Win32
		{64A72963-53B5-48D5-A315-79858155EEC3}.Release|x86.Build.0 = Release|Win32
	EndGlobalSection
	GlobalSection(SolutionProperties) = preSolution
		HideSolutionNode = FALSE
	EndGlobalSection
	GlobalSection(ExtensibilityGlobals) = postSolution
		SolutionGuid = {BE1717CC-B39F-40A7-8EAF-A6121DC21066}
	EndGlobalSection
EndGlobal
