
Microsoft Visual Studio Solution File, Format Version 12.00
# Visual Studio 15
VisualStudioVersion = 15.0.28307.489
MinimumVisualStudioVersion = 10.0.40219.1
Project("{8BC9CEB8-8B4A-11D0-8D11-00A0C91BC942}") = "_7_24", "_7_24\_7_24.vcxproj", "{5F0FCDD4-5B61-4B05-A499-81839687B365}"
EndProject
Global
	GlobalSection(SolutionConfigurationPlatforms) = preSolution
		Debug|x64 = Debug|x64
		Debug|x86 = Debug|x86
		Release|x64 = Release|x64
		Release|x86 = Release|x86
	EndGlobalSection
	GlobalSection(ProjectConfigurationPlatforms) = postSolution
		{5F0FCDD4-5B61-4B05-A499-81839687B365}.Debug|x64.ActiveCfg = Debug|x64
		{5F0FCDD4-5B61-4B05-A499-81839687B365}.Debug|x64.Build.0 = Debug|x64
		{5F0FCDD4-5B61-4B05-A499-81839687B365}.Debug|x86.ActiveCfg = Debug|Win32
		{5F0FCDD4-5B61-4B05-A499-81839687B365}.Debug|x86.Build.0 = Debug|Win32
		{5F0FCDD4-5B61-4B05-A499-81839687B365}.Release|x64.ActiveCfg = Release|x64
		{5F0FCDD4-5B61-4B05-A499-81839687B365}.Release|x64.Build.0 = Release|x64
		{5F0FCDD4-5B61-4B05-A499-81839687B365}.Release|x86.ActiveCfg = Release|Win32
		{5F0FCDD4-5B61-4B05-A499-81839687B365}.Release|x86.Build.0 = Release|Win32
	EndGlobalSection
	GlobalSection(SolutionProperties) = preSolution
		HideSolutionNode = FALSE
	EndGlobalSection
	GlobalSection(ExtensibilityGlobals) = postSolution
		SolutionGuid = {EB2BF07E-59A3-4ED4-8EF0-86AC2B569D4D}
	EndGlobalSection
EndGlobal
