
Microsoft Visual Studio Solution File, Format Version 12.00
# Visual Studio 15
VisualStudioVersion = 15.0.28307.489
MinimumVisualStudioVersion = 10.0.40219.1
Project("{8BC9CEB8-8B4A-11D0-8D11-00A0C91BC942}") = "_3_28_1", "_3_28_1\_3_28_1.vcxproj", "{E16B5CD1-886B-48D7-A112-AFB9B2444D41}"
EndProject
Global
	GlobalSection(SolutionConfigurationPlatforms) = preSolution
		Debug|x64 = Debug|x64
		Debug|x86 = Debug|x86
		Release|x64 = Release|x64
		Release|x86 = Release|x86
	EndGlobalSection
	GlobalSection(ProjectConfigurationPlatforms) = postSolution
		{E16B5CD1-886B-48D7-A112-AFB9B2444D41}.Debug|x64.ActiveCfg = Debug|x64
		{E16B5CD1-886B-48D7-A112-AFB9B2444D41}.Debug|x64.Build.0 = Debug|x64
		{E16B5CD1-886B-48D7-A112-AFB9B2444D41}.Debug|x86.ActiveCfg = Debug|Win32
		{E16B5CD1-886B-48D7-A112-AFB9B2444D41}.Debug|x86.Build.0 = Debug|Win32
		{E16B5CD1-886B-48D7-A112-AFB9B2444D41}.Release|x64.ActiveCfg = Release|x64
		{E16B5CD1-886B-48D7-A112-AFB9B2444D41}.Release|x64.Build.0 = Release|x64
		{E16B5CD1-886B-48D7-A112-AFB9B2444D41}.Release|x86.ActiveCfg = Release|Win32
		{E16B5CD1-886B-48D7-A112-AFB9B2444D41}.Release|x86.Build.0 = Release|Win32
	EndGlobalSection
	GlobalSection(SolutionProperties) = preSolution
		HideSolutionNode = FALSE
	EndGlobalSection
	GlobalSection(ExtensibilityGlobals) = postSolution
		SolutionGuid = {55C86B92-BC20-4C03-B942-F9F8C0FA06F8}
	EndGlobalSection
EndGlobal
