
Microsoft Visual Studio Solution File, Format Version 12.00
# Visual Studio 15
VisualStudioVersion = 15.0.28307.489
MinimumVisualStudioVersion = 10.0.40219.1
Project("{8BC9CEB8-8B4A-11D0-8D11-00A0C91BC942}") = "_7_20", "_7_20\_7_20.vcxproj", "{A2841B40-AC7C-47E5-8008-50A97264D74B}"
EndProject
Global
	GlobalSection(SolutionConfigurationPlatforms) = preSolution
		Debug|x64 = Debug|x64
		Debug|x86 = Debug|x86
		Release|x64 = Release|x64
		Release|x86 = Release|x86
	EndGlobalSection
	GlobalSection(ProjectConfigurationPlatforms) = postSolution
		{A2841B40-AC7C-47E5-8008-50A97264D74B}.Debug|x64.ActiveCfg = Debug|x64
		{A2841B40-AC7C-47E5-8008-50A97264D74B}.Debug|x64.Build.0 = Debug|x64
		{A2841B40-AC7C-47E5-8008-50A97264D74B}.Debug|x86.ActiveCfg = Debug|Win32
		{A2841B40-AC7C-47E5-8008-50A97264D74B}.Debug|x86.Build.0 = Debug|Win32
		{A2841B40-AC7C-47E5-8008-50A97264D74B}.Release|x64.ActiveCfg = Release|x64
		{A2841B40-AC7C-47E5-8008-50A97264D74B}.Release|x64.Build.0 = Release|x64
		{A2841B40-AC7C-47E5-8008-50A97264D74B}.Release|x86.ActiveCfg = Release|Win32
		{A2841B40-AC7C-47E5-8008-50A97264D74B}.Release|x86.Build.0 = Release|Win32
	EndGlobalSection
	GlobalSection(SolutionProperties) = preSolution
		HideSolutionNode = FALSE
	EndGlobalSection
	GlobalSection(ExtensibilityGlobals) = postSolution
		SolutionGuid = {ED91E4DB-8D66-4CB2-BFCE-B912A99313E2}
	EndGlobalSection
EndGlobal
